<?xml version="1.0" encoding="UTF-8"?>
<!DOCTYPE plist PUBLIC "-//Apple//DTD PLIST 1.0//EN" "http://www.apple.com/DTDs/PropertyList-1.0.dtd">
<plist version="1.0">
<dict>
	<key>archiveVersion</key>
	<string>1</string>
	<key>classes</key>
	<dict/>
	<key>objectVersion</key>
	<string>46</string>
	<key>objects</key>
	<dict>
		<key>0C16D7DDDBC47698204AF2A4</key>
		<dict>
			<key>buildActionMask</key>
			<string>2147483647</string>
			<key>files</key>
			<array/>
			<key>inputPaths</key>
			<array/>
			<key>isa</key>
			<string>PBXShellScriptBuildPhase</string>
			<key>name</key>
			<string>Check Pods Manifest.lock</string>
			<key>outputPaths</key>
			<array/>
			<key>runOnlyForDeploymentPostprocessing</key>
			<string>0</string>
			<key>shellPath</key>
			<string>/bin/sh</string>
			<key>shellScript</key>
			<string>diff "${PODS_ROOT}/../Podfile.lock" "${PODS_ROOT}/Manifest.lock" &gt; /dev/null
if [[ $? != 0 ]] ; then
    cat &lt;&lt; EOM
error: The sandbox is not in sync with the Podfile.lock. Run 'pod install' or update your CocoaPods installation.
EOM
    exit 1
fi
</string>
			<key>showEnvVarsInLog</key>
			<string>0</string>
		</dict>
		<key>320DE2E61B6D35D0002236D7</key>
		<dict>
			<key>children</key>
			<array>
				<string>320DE3181B6D3605002236D7</string>
				<string>320DE3191B6D3605002236D7</string>
				<string>320DE30B1B6D35D0002236D7</string>
				<string>320DE2F01B6D35D0002236D7</string>
				<string>34F6C75993488A1281FFEDF1</string>
				<string>9FA8D4B34D361AC145018D0E</string>
			</array>
			<key>isa</key>
			<string>PBXGroup</string>
			<key>sourceTree</key>
			<string>&lt;group&gt;</string>
		</dict>
		<key>320DE2E71B6D35D0002236D7</key>
		<dict>
			<key>attributes</key>
			<dict>
				<key>LastUpgradeCheck</key>
				<string>0640</string>
				<key>ORGANIZATIONNAME</key>
				<string>Mustard</string>
				<key>TargetAttributes</key>
				<dict>
					<key>320DE2EE1B6D35D0002236D7</key>
					<dict>
						<key>CreatedOnToolsVersion</key>
						<string>6.4</string>
					</dict>
					<key>320DE3071B6D35D0002236D7</key>
					<dict>
						<key>CreatedOnToolsVersion</key>
						<string>6.4</string>
						<key>TestTargetID</key>
						<string>320DE2EE1B6D35D0002236D7</string>
					</dict>
				</dict>
			</dict>
			<key>buildConfigurationList</key>
			<string>320DE2EA1B6D35D0002236D7</string>
			<key>compatibilityVersion</key>
			<string>Xcode 3.2</string>
			<key>developmentRegion</key>
			<string>English</string>
			<key>hasScannedForEncodings</key>
			<string>0</string>
			<key>isa</key>
			<string>PBXProject</string>
			<key>knownRegions</key>
			<array>
				<string>en</string>
				<string>Base</string>
			</array>
			<key>mainGroup</key>
			<string>320DE2E61B6D35D0002236D7</string>
			<key>productRefGroup</key>
			<string>320DE2F01B6D35D0002236D7</string>
			<key>projectDirPath</key>
			<string></string>
			<key>projectReferences</key>
			<array/>
			<key>projectRoot</key>
			<string></string>
			<key>targets</key>
			<array>
				<string>320DE2EE1B6D35D0002236D7</string>
				<string>320DE3071B6D35D0002236D7</string>
			</array>
		</dict>
		<key>320DE2EA1B6D35D0002236D7</key>
		<dict>
			<key>buildConfigurations</key>
			<array>
				<string>320DE3101B6D35D0002236D7</string>
				<string>320DE3111B6D35D0002236D7</string>
			</array>
			<key>defaultConfigurationIsVisible</key>
			<string>0</string>
			<key>defaultConfigurationName</key>
			<string>Release</string>
			<key>isa</key>
			<string>XCConfigurationList</string>
		</dict>
		<key>320DE2EB1B6D35D0002236D7</key>
		<dict>
			<key>buildActionMask</key>
			<string>2147483647</string>
			<key>files</key>
			<array>
				<string>320DE3E61B6EF2AA002236D7</string>
				<string>3278C07E1B7927A500C6045C</string>
				<string>3278C0841B7934A500C6045C</string>
				<string>320DE3E51B6EF2AA002236D7</string>
				<string>3278C0991B79615900C6045C</string>
				<string>3278C08D1B794ED700C6045C</string>
				<string>320DE32B1B6D3605002236D7</string>
				<string>320DE32A1B6D3605002236D7</string>
				<string>3278C0871B7944F600C6045C</string>
				<string>3278C0791B79267000C6045C</string>
				<string>3278C0781B79267000C6045C</string>
				<string>3278C07A1B79267000C6045C</string>
				<string>3278C0A51B798F3E00C6045C</string>
				<string>3278C08E1B794ED700C6045C</string>
				<string>320DE3251B6D3605002236D7</string>
			</array>
			<key>isa</key>
			<string>PBXSourcesBuildPhase</string>
			<key>runOnlyForDeploymentPostprocessing</key>
			<string>0</string>
		</dict>
		<key>320DE2EC1B6D35D0002236D7</key>
		<dict>
			<key>buildActionMask</key>
			<string>2147483647</string>
			<key>files</key>
			<array>
				<string>7B42251B880C73F5103B8923</string>
			</array>
			<key>isa</key>
			<string>PBXFrameworksBuildPhase</string>
			<key>runOnlyForDeploymentPostprocessing</key>
			<string>0</string>
		</dict>
		<key>320DE2ED1B6D35D0002236D7</key>
		<dict>
			<key>buildActionMask</key>
			<string>2147483647</string>
			<key>files</key>
			<array>
				<string>320DE3281B6D3605002236D7</string>
				<string>320DE3261B6D3605002236D7</string>
				<string>320DE3271B6D3605002236D7</string>
			</array>
			<key>isa</key>
			<string>PBXResourcesBuildPhase</string>
			<key>runOnlyForDeploymentPostprocessing</key>
			<string>0</string>
		</dict>
		<key>320DE2EE1B6D35D0002236D7</key>
		<dict>
			<key>buildConfigurationList</key>
			<string>320DE3121B6D35D0002236D7</string>
			<key>buildPhases</key>
			<array>
				<string>0C16D7DDDBC47698204AF2A4</string>
				<string>320DE2EB1B6D35D0002236D7</string>
				<string>320DE2EC1B6D35D0002236D7</string>
				<string>320DE2ED1B6D35D0002236D7</string>
				<string>A5170F4D902387AF6E9C0F6B</string>
				<string>368C350F6A3C159EA7BA630E</string>
			</array>
			<key>buildRules</key>
			<array/>
			<key>dependencies</key>
			<array/>
			<key>isa</key>
			<string>PBXNativeTarget</string>
			<key>name</key>
			<string>IKMapper</string>
			<key>productName</key>
			<string>IKMapper</string>
			<key>productReference</key>
			<string>320DE2EF1B6D35D0002236D7</string>
			<key>productType</key>
			<string>com.apple.product-type.application</string>
		</dict>
		<key>320DE2EF1B6D35D0002236D7</key>
		<dict>
			<key>explicitFileType</key>
			<string>wrapper.application</string>
			<key>includeInIndex</key>
			<string>0</string>
			<key>isa</key>
			<string>PBXFileReference</string>
			<key>path</key>
			<string>IKMapper.app</string>
			<key>sourceTree</key>
			<string>BUILT_PRODUCTS_DIR</string>
		</dict>
		<key>320DE2F01B6D35D0002236D7</key>
		<dict>
			<key>children</key>
			<array>
				<string>320DE2EF1B6D35D0002236D7</string>
				<string>320DE3081B6D35D0002236D7</string>
			</array>
			<key>isa</key>
			<string>PBXGroup</string>
			<key>name</key>
			<string>Products</string>
			<key>sourceTree</key>
			<string>&lt;group&gt;</string>
		</dict>
		<key>320DE3041B6D35D0002236D7</key>
		<dict>
			<key>buildActionMask</key>
			<string>2147483647</string>
			<key>files</key>
			<array>
				<string>3278C0A21B7976E000C6045C</string>
				<string>3278C09D1B796FB800C6045C</string>
				<string>3278C09F1B79705700C6045C</string>
				<string>320DE30F1B6D35D0002236D7</string>
				<string>3278C09B1B79620800C6045C</string>
			</array>
			<key>isa</key>
			<string>PBXSourcesBuildPhase</string>
			<key>runOnlyForDeploymentPostprocessing</key>
			<string>0</string>
		</dict>
		<key>320DE3051B6D35D0002236D7</key>
		<dict>
			<key>buildActionMask</key>
			<string>2147483647</string>
			<key>files</key>
			<array/>
			<key>isa</key>
			<string>PBXFrameworksBuildPhase</string>
			<key>runOnlyForDeploymentPostprocessing</key>
			<string>0</string>
		</dict>
		<key>320DE3061B6D35D0002236D7</key>
		<dict>
			<key>buildActionMask</key>
			<string>2147483647</string>
			<key>files</key>
			<array/>
			<key>isa</key>
			<string>PBXResourcesBuildPhase</string>
			<key>runOnlyForDeploymentPostprocessing</key>
			<string>0</string>
		</dict>
		<key>320DE3071B6D35D0002236D7</key>
		<dict>
			<key>buildConfigurationList</key>
			<string>320DE3151B6D35D0002236D7</string>
			<key>buildPhases</key>
			<array>
				<string>320DE3041B6D35D0002236D7</string>
				<string>320DE3051B6D35D0002236D7</string>
				<string>320DE3061B6D35D0002236D7</string>
			</array>
			<key>buildRules</key>
			<array/>
			<key>dependencies</key>
			<array>
				<string>320DE30A1B6D35D0002236D7</string>
			</array>
			<key>isa</key>
			<string>PBXNativeTarget</string>
			<key>name</key>
			<string>IKMapperTests</string>
			<key>productName</key>
			<string>IKMapperTests</string>
			<key>productReference</key>
			<string>320DE3081B6D35D0002236D7</string>
			<key>productType</key>
			<string>com.apple.product-type.bundle.unit-test</string>
		</dict>
		<key>320DE3081B6D35D0002236D7</key>
		<dict>
			<key>explicitFileType</key>
			<string>wrapper.cfbundle</string>
			<key>includeInIndex</key>
			<string>0</string>
			<key>isa</key>
			<string>PBXFileReference</string>
			<key>path</key>
			<string>IKMapperTests.xctest</string>
			<key>sourceTree</key>
			<string>BUILT_PRODUCTS_DIR</string>
		</dict>
		<key>320DE3091B6D35D0002236D7</key>
		<dict>
			<key>containerPortal</key>
			<string>320DE2E71B6D35D0002236D7</string>
			<key>isa</key>
			<string>PBXContainerItemProxy</string>
			<key>proxyType</key>
			<string>1</string>
			<key>remoteGlobalIDString</key>
			<string>320DE2EE1B6D35D0002236D7</string>
			<key>remoteInfo</key>
			<string>IKMapper</string>
		</dict>
		<key>320DE30A1B6D35D0002236D7</key>
		<dict>
			<key>isa</key>
			<string>PBXTargetDependency</string>
			<key>target</key>
			<string>320DE2EE1B6D35D0002236D7</string>
			<key>targetProxy</key>
			<string>320DE3091B6D35D0002236D7</string>
		</dict>
		<key>320DE30B1B6D35D0002236D7</key>
		<dict>
			<key>children</key>
			<array>
				<string>3278C0A01B7972B800C6045C</string>
				<string>3278C09E1B79705700C6045C</string>
				<string>320DE30E1B6D35D0002236D7</string>
				<string>3278C09C1B796FB800C6045C</string>
				<string>3278C09A1B79620800C6045C</string>
				<string>3278C0A11B7976E000C6045C</string>
				<string>320DE30C1B6D35D0002236D7</string>
				<string>3278C0971B79615900C6045C</string>
				<string>3278C0981B79615900C6045C</string>
			</array>
			<key>isa</key>
			<string>PBXGroup</string>
			<key>path</key>
			<string>IKMapperTests</string>
			<key>sourceTree</key>
			<string>&lt;group&gt;</string>
		</dict>
		<key>320DE30C1B6D35D0002236D7</key>
		<dict>
			<key>children</key>
			<array>
				<string>320DE30D1B6D35D0002236D7</string>
			</array>
			<key>isa</key>
			<string>PBXGroup</string>
			<key>name</key>
			<string>Supporting Files</string>
			<key>sourceTree</key>
			<string>&lt;group&gt;</string>
		</dict>
		<key>320DE30D1B6D35D0002236D7</key>
		<dict>
			<key>isa</key>
			<string>PBXFileReference</string>
			<key>lastKnownFileType</key>
			<string>text.plist.xml</string>
			<key>path</key>
			<string>Info.plist</string>
			<key>sourceTree</key>
			<string>&lt;group&gt;</string>
		</dict>
		<key>320DE30E1B6D35D0002236D7</key>
		<dict>
			<key>isa</key>
			<string>PBXFileReference</string>
			<key>lastKnownFileType</key>
			<string>sourcecode.c.objc</string>
			<key>path</key>
			<string>IKMapperTests+NSObjectIn.m</string>
			<key>sourceTree</key>
			<string>&lt;group&gt;</string>
		</dict>
		<key>320DE30F1B6D35D0002236D7</key>
		<dict>
			<key>fileRef</key>
			<string>320DE30E1B6D35D0002236D7</string>
			<key>isa</key>
			<string>PBXBuildFile</string>
		</dict>
		<key>320DE3101B6D35D0002236D7</key>
		<dict>
			<key>buildSettings</key>
			<dict>
				<key>ALWAYS_SEARCH_USER_PATHS</key>
				<string>NO</string>
				<key>CLANG_CXX_LANGUAGE_STANDARD</key>
				<string>gnu++0x</string>
				<key>CLANG_CXX_LIBRARY</key>
				<string>libc++</string>
				<key>CLANG_ENABLE_MODULES</key>
				<string>YES</string>
				<key>CLANG_ENABLE_OBJC_ARC</key>
				<string>YES</string>
				<key>CLANG_WARN_BOOL_CONVERSION</key>
				<string>YES</string>
				<key>CLANG_WARN_CONSTANT_CONVERSION</key>
				<string>YES</string>
				<key>CLANG_WARN_DIRECT_OBJC_ISA_USAGE</key>
				<string>YES_ERROR</string>
				<key>CLANG_WARN_EMPTY_BODY</key>
				<string>YES</string>
				<key>CLANG_WARN_ENUM_CONVERSION</key>
				<string>YES</string>
				<key>CLANG_WARN_INT_CONVERSION</key>
				<string>YES</string>
				<key>CLANG_WARN_OBJC_ROOT_CLASS</key>
				<string>YES_ERROR</string>
				<key>CLANG_WARN_UNREACHABLE_CODE</key>
				<string>YES</string>
				<key>CLANG_WARN__DUPLICATE_METHOD_MATCH</key>
				<string>YES</string>
				<key>CODE_SIGN_IDENTITY[sdk=iphoneos*]</key>
				<string>iPhone Developer</string>
				<key>COPY_PHASE_STRIP</key>
				<string>NO</string>
				<key>DEBUG_INFORMATION_FORMAT</key>
				<string>dwarf-with-dsym</string>
				<key>ENABLE_STRICT_OBJC_MSGSEND</key>
				<string>YES</string>
				<key>GCC_C_LANGUAGE_STANDARD</key>
				<string>gnu99</string>
				<key>GCC_DYNAMIC_NO_PIC</key>
				<string>NO</string>
				<key>GCC_NO_COMMON_BLOCKS</key>
				<string>YES</string>
				<key>GCC_OPTIMIZATION_LEVEL</key>
				<string>0</string>
				<key>GCC_PREPROCESSOR_DEFINITIONS</key>
				<array>
					<string>DEBUG=1</string>
					<string>$(inherited)</string>
				</array>
				<key>GCC_SYMBOLS_PRIVATE_EXTERN</key>
				<string>NO</string>
				<key>GCC_WARN_64_TO_32_BIT_CONVERSION</key>
				<string>YES</string>
				<key>GCC_WARN_ABOUT_RETURN_TYPE</key>
				<string>YES_ERROR</string>
				<key>GCC_WARN_UNDECLARED_SELECTOR</key>
				<string>YES</string>
				<key>GCC_WARN_UNINITIALIZED_AUTOS</key>
				<string>YES_AGGRESSIVE</string>
				<key>GCC_WARN_UNUSED_FUNCTION</key>
				<string>YES</string>
				<key>GCC_WARN_UNUSED_VARIABLE</key>
				<string>YES</string>
				<key>IPHONEOS_DEPLOYMENT_TARGET</key>
				<string>8.4</string>
				<key>MTL_ENABLE_DEBUG_INFO</key>
				<string>YES</string>
				<key>ONLY_ACTIVE_ARCH</key>
				<string>YES</string>
				<key>SDKROOT</key>
				<string>iphoneos</string>
				<key>TARGETED_DEVICE_FAMILY</key>
				<string>1,2</string>
			</dict>
			<key>isa</key>
			<string>XCBuildConfiguration</string>
			<key>name</key>
			<string>Debug</string>
		</dict>
		<key>320DE3111B6D35D0002236D7</key>
		<dict>
			<key>buildSettings</key>
			<dict>
				<key>ALWAYS_SEARCH_USER_PATHS</key>
				<string>NO</string>
				<key>CLANG_CXX_LANGUAGE_STANDARD</key>
				<string>gnu++0x</string>
				<key>CLANG_CXX_LIBRARY</key>
				<string>libc++</string>
				<key>CLANG_ENABLE_MODULES</key>
				<string>YES</string>
				<key>CLANG_ENABLE_OBJC_ARC</key>
				<string>YES</string>
				<key>CLANG_WARN_BOOL_CONVERSION</key>
				<string>YES</string>
				<key>CLANG_WARN_CONSTANT_CONVERSION</key>
				<string>YES</string>
				<key>CLANG_WARN_DIRECT_OBJC_ISA_USAGE</key>
				<string>YES_ERROR</string>
				<key>CLANG_WARN_EMPTY_BODY</key>
				<string>YES</string>
				<key>CLANG_WARN_ENUM_CONVERSION</key>
				<string>YES</string>
				<key>CLANG_WARN_INT_CONVERSION</key>
				<string>YES</string>
				<key>CLANG_WARN_OBJC_ROOT_CLASS</key>
				<string>YES_ERROR</string>
				<key>CLANG_WARN_UNREACHABLE_CODE</key>
				<string>YES</string>
				<key>CLANG_WARN__DUPLICATE_METHOD_MATCH</key>
				<string>YES</string>
				<key>CODE_SIGN_IDENTITY[sdk=iphoneos*]</key>
				<string>iPhone Developer</string>
				<key>COPY_PHASE_STRIP</key>
				<string>NO</string>
				<key>DEBUG_INFORMATION_FORMAT</key>
				<string>dwarf-with-dsym</string>
				<key>ENABLE_NS_ASSERTIONS</key>
				<string>NO</string>
				<key>ENABLE_STRICT_OBJC_MSGSEND</key>
				<string>YES</string>
				<key>GCC_C_LANGUAGE_STANDARD</key>
				<string>gnu99</string>
				<key>GCC_NO_COMMON_BLOCKS</key>
				<string>YES</string>
				<key>GCC_WARN_64_TO_32_BIT_CONVERSION</key>
				<string>YES</string>
				<key>GCC_WARN_ABOUT_RETURN_TYPE</key>
				<string>YES_ERROR</string>
				<key>GCC_WARN_UNDECLARED_SELECTOR</key>
				<string>YES</string>
				<key>GCC_WARN_UNINITIALIZED_AUTOS</key>
				<string>YES_AGGRESSIVE</string>
				<key>GCC_WARN_UNUSED_FUNCTION</key>
				<string>YES</string>
				<key>GCC_WARN_UNUSED_VARIABLE</key>
				<string>YES</string>
				<key>IPHONEOS_DEPLOYMENT_TARGET</key>
				<string>8.4</string>
				<key>MTL_ENABLE_DEBUG_INFO</key>
				<string>NO</string>
				<key>SDKROOT</key>
				<string>iphoneos</string>
				<key>TARGETED_DEVICE_FAMILY</key>
				<string>1,2</string>
				<key>VALIDATE_PRODUCT</key>
				<string>YES</string>
			</dict>
			<key>isa</key>
			<string>XCBuildConfiguration</string>
			<key>name</key>
			<string>Release</string>
		</dict>
		<key>320DE3121B6D35D0002236D7</key>
		<dict>
			<key>buildConfigurations</key>
			<array>
				<string>320DE3131B6D35D0002236D7</string>
				<string>320DE3141B6D35D0002236D7</string>
			</array>
			<key>defaultConfigurationIsVisible</key>
			<string>0</string>
			<key>defaultConfigurationName</key>
			<string>Release</string>
			<key>isa</key>
			<string>XCConfigurationList</string>
		</dict>
		<key>320DE3131B6D35D0002236D7</key>
		<dict>
			<key>baseConfigurationReference</key>
			<string>BCED3B81204FFD8D9581652D</string>
			<key>buildSettings</key>
			<dict>
				<key>ASSETCATALOG_COMPILER_APPICON_NAME</key>
				<string>AppIcon</string>
				<key>INFOPLIST_FILE</key>
				<string>$(SRCROOT)/IKMapperUI/Info.plist</string>
				<key>IPHONEOS_DEPLOYMENT_TARGET</key>
				<string>7.0</string>
				<key>LD_RUNPATH_SEARCH_PATHS</key>
				<string>$(inherited) @executable_path/Frameworks</string>
				<key>PRODUCT_NAME</key>
				<string>$(TARGET_NAME)</string>
			</dict>
			<key>isa</key>
			<string>XCBuildConfiguration</string>
			<key>name</key>
			<string>Debug</string>
		</dict>
		<key>320DE3141B6D35D0002236D7</key>
		<dict>
			<key>baseConfigurationReference</key>
			<string>AB3EBFDC66EE17B32AED295F</string>
			<key>buildSettings</key>
			<dict>
				<key>ASSETCATALOG_COMPILER_APPICON_NAME</key>
				<string>AppIcon</string>
				<key>INFOPLIST_FILE</key>
				<string>$(SRCROOT)/IKMapperUI/Info.plist</string>
				<key>IPHONEOS_DEPLOYMENT_TARGET</key>
				<string>7.0</string>
				<key>LD_RUNPATH_SEARCH_PATHS</key>
				<string>$(inherited) @executable_path/Frameworks</string>
				<key>PRODUCT_NAME</key>
				<string>$(TARGET_NAME)</string>
			</dict>
			<key>isa</key>
			<string>XCBuildConfiguration</string>
			<key>name</key>
			<string>Release</string>
		</dict>
		<key>320DE3151B6D35D0002236D7</key>
		<dict>
			<key>buildConfigurations</key>
			<array>
				<string>320DE3161B6D35D0002236D7</string>
				<string>320DE3171B6D35D0002236D7</string>
			</array>
			<key>defaultConfigurationIsVisible</key>
			<string>0</string>
			<key>defaultConfigurationName</key>
			<string>Release</string>
			<key>isa</key>
			<string>XCConfigurationList</string>
		</dict>
		<key>320DE3161B6D35D0002236D7</key>
		<dict>
			<key>buildSettings</key>
			<dict>
				<key>BUNDLE_LOADER</key>
				<string>$(TEST_HOST)</string>
				<key>FRAMEWORK_SEARCH_PATHS</key>
				<array>
					<string>$(SDKROOT)/Developer/Library/Frameworks</string>
					<string>$(inherited)</string>
				</array>
				<key>GCC_PREPROCESSOR_DEFINITIONS</key>
				<array>
					<string>DEBUG=1</string>
					<string>$(inherited)</string>
				</array>
				<key>INFOPLIST_FILE</key>
				<string>IKMapperTests/Info.plist</string>
				<key>LD_RUNPATH_SEARCH_PATHS</key>
				<string>$(inherited) @executable_path/Frameworks @loader_path/Frameworks</string>
				<key>PRODUCT_NAME</key>
				<string>$(TARGET_NAME)</string>
				<key>TEST_HOST</key>
				<string>$(BUILT_PRODUCTS_DIR)/IKMapper.app/IKMapper</string>
			</dict>
			<key>isa</key>
			<string>XCBuildConfiguration</string>
			<key>name</key>
			<string>Debug</string>
		</dict>
		<key>320DE3171B6D35D0002236D7</key>
		<dict>
			<key>buildSettings</key>
			<dict>
				<key>BUNDLE_LOADER</key>
				<string>$(TEST_HOST)</string>
				<key>FRAMEWORK_SEARCH_PATHS</key>
				<array>
					<string>$(SDKROOT)/Developer/Library/Frameworks</string>
					<string>$(inherited)</string>
				</array>
				<key>INFOPLIST_FILE</key>
				<string>IKMapperTests/Info.plist</string>
				<key>LD_RUNPATH_SEARCH_PATHS</key>
				<string>$(inherited) @executable_path/Frameworks @loader_path/Frameworks</string>
				<key>PRODUCT_NAME</key>
				<string>$(TARGET_NAME)</string>
				<key>TEST_HOST</key>
				<string>$(BUILT_PRODUCTS_DIR)/IKMapper.app/IKMapper</string>
			</dict>
			<key>isa</key>
			<string>XCBuildConfiguration</string>
			<key>name</key>
			<string>Release</string>
		</dict>
		<key>320DE3181B6D3605002236D7</key>
		<dict>
			<key>children</key>
			<array>
				<string>3278C07B1B79268E00C6045C</string>
				<string>3278C0711B79266F00C6045C</string>
				<string>3278C0881B794ED700C6045C</string>
				<string>320DE3E01B6EF2AA002236D7</string>
				<string>320DE3321B6D7FA2002236D7</string>
				<string>3278C08F1B794FD900C6045C</string>
				<string>3278C0901B794FFD00C6045C</string>
			</array>
			<key>isa</key>
			<string>PBXGroup</string>
			<key>path</key>
			<string>IKMapper</string>
			<key>sourceTree</key>
			<string>&lt;group&gt;</string>
		</dict>
		<key>320DE3191B6D3605002236D7</key>
		<dict>
			<key>children</key>
			<array>
				<string>320DE31A1B6D3605002236D7</string>
				<string>320DE31B1B6D3605002236D7</string>
				<string>320DE31C1B6D3605002236D7</string>
				<string>320DE31E1B6D3605002236D7</string>
				<string>320DE3201B6D3605002236D7</string>
				<string>320DE3211B6D3605002236D7</string>
				<string>320DE3221B6D3605002236D7</string>
				<string>320DE3231B6D3605002236D7</string>
				<string>320DE3241B6D3605002236D7</string>
			</array>
			<key>isa</key>
			<string>PBXGroup</string>
			<key>path</key>
			<string>IKMapperUI</string>
			<key>sourceTree</key>
			<string>&lt;group&gt;</string>
		</dict>
		<key>320DE31A1B6D3605002236D7</key>
		<dict>
			<key>fileEncoding</key>
			<string>4</string>
			<key>isa</key>
			<string>PBXFileReference</string>
			<key>lastKnownFileType</key>
			<string>sourcecode.c.h</string>
			<key>path</key>
			<string>AppDelegate.h</string>
			<key>sourceTree</key>
			<string>&lt;group&gt;</string>
		</dict>
		<key>320DE31B1B6D3605002236D7</key>
		<dict>
			<key>fileEncoding</key>
			<string>4</string>
			<key>isa</key>
			<string>PBXFileReference</string>
			<key>lastKnownFileType</key>
			<string>sourcecode.c.objc</string>
			<key>path</key>
			<string>AppDelegate.m</string>
			<key>sourceTree</key>
			<string>&lt;group&gt;</string>
		</dict>
		<key>320DE31C1B6D3605002236D7</key>
		<dict>
			<key>children</key>
			<array>
				<string>320DE31D1B6D3605002236D7</string>
			</array>
			<key>isa</key>
			<string>PBXVariantGroup</string>
			<key>name</key>
			<string>LaunchScreen.xib</string>
			<key>sourceTree</key>
			<string>&lt;group&gt;</string>
		</dict>
		<key>320DE31D1B6D3605002236D7</key>
		<dict>
			<key>isa</key>
			<string>PBXFileReference</string>
			<key>lastKnownFileType</key>
			<string>file.xib</string>
			<key>name</key>
			<string>Base</string>
			<key>path</key>
			<string>Base.lproj/LaunchScreen.xib</string>
			<key>sourceTree</key>
			<string>&lt;group&gt;</string>
		</dict>
		<key>320DE31E1B6D3605002236D7</key>
		<dict>
			<key>children</key>
			<array>
				<string>320DE31F1B6D3605002236D7</string>
			</array>
			<key>isa</key>
			<string>PBXVariantGroup</string>
			<key>name</key>
			<string>Main.storyboard</string>
			<key>sourceTree</key>
			<string>&lt;group&gt;</string>
		</dict>
		<key>320DE31F1B6D3605002236D7</key>
		<dict>
			<key>isa</key>
			<string>PBXFileReference</string>
			<key>lastKnownFileType</key>
			<string>file.storyboard</string>
			<key>name</key>
			<string>Base</string>
			<key>path</key>
			<string>Base.lproj/Main.storyboard</string>
			<key>sourceTree</key>
			<string>&lt;group&gt;</string>
		</dict>
		<key>320DE3201B6D3605002236D7</key>
		<dict>
			<key>isa</key>
			<string>PBXFileReference</string>
			<key>lastKnownFileType</key>
			<string>folder.assetcatalog</string>
			<key>path</key>
			<string>Images.xcassets</string>
			<key>sourceTree</key>
			<string>&lt;group&gt;</string>
		</dict>
		<key>320DE3211B6D3605002236D7</key>
		<dict>
			<key>fileEncoding</key>
			<string>4</string>
			<key>isa</key>
			<string>PBXFileReference</string>
			<key>lastKnownFileType</key>
			<string>text.plist.xml</string>
			<key>path</key>
			<string>Info.plist</string>
			<key>sourceTree</key>
			<string>&lt;group&gt;</string>
		</dict>
		<key>320DE3221B6D3605002236D7</key>
		<dict>
			<key>fileEncoding</key>
			<string>4</string>
			<key>isa</key>
			<string>PBXFileReference</string>
			<key>lastKnownFileType</key>
			<string>sourcecode.c.objc</string>
			<key>path</key>
			<string>main.m</string>
			<key>sourceTree</key>
			<string>&lt;group&gt;</string>
		</dict>
		<key>320DE3231B6D3605002236D7</key>
		<dict>
			<key>fileEncoding</key>
			<string>4</string>
			<key>isa</key>
			<string>PBXFileReference</string>
			<key>lastKnownFileType</key>
			<string>sourcecode.c.h</string>
			<key>path</key>
			<string>ViewController.h</string>
			<key>sourceTree</key>
			<string>&lt;group&gt;</string>
		</dict>
		<key>320DE3241B6D3605002236D7</key>
		<dict>
			<key>fileEncoding</key>
			<string>4</string>
			<key>isa</key>
			<string>PBXFileReference</string>
			<key>lastKnownFileType</key>
			<string>sourcecode.c.objc</string>
			<key>path</key>
			<string>ViewController.m</string>
			<key>sourceTree</key>
			<string>&lt;group&gt;</string>
		</dict>
		<key>320DE3251B6D3605002236D7</key>
		<dict>
			<key>fileRef</key>
			<string>320DE31B1B6D3605002236D7</string>
			<key>isa</key>
			<string>PBXBuildFile</string>
		</dict>
		<key>320DE3261B6D3605002236D7</key>
		<dict>
			<key>fileRef</key>
			<string>320DE31C1B6D3605002236D7</string>
			<key>isa</key>
			<string>PBXBuildFile</string>
		</dict>
		<key>320DE3271B6D3605002236D7</key>
		<dict>
			<key>fileRef</key>
			<string>320DE31E1B6D3605002236D7</string>
			<key>isa</key>
			<string>PBXBuildFile</string>
		</dict>
		<key>320DE3281B6D3605002236D7</key>
		<dict>
			<key>fileRef</key>
			<string>320DE3201B6D3605002236D7</string>
			<key>isa</key>
			<string>PBXBuildFile</string>
		</dict>
		<key>320DE32A1B6D3605002236D7</key>
		<dict>
			<key>fileRef</key>
			<string>320DE3221B6D3605002236D7</string>
			<key>isa</key>
			<string>PBXBuildFile</string>
		</dict>
		<key>320DE32B1B6D3605002236D7</key>
		<dict>
			<key>fileRef</key>
			<string>320DE3241B6D3605002236D7</string>
			<key>isa</key>
			<string>PBXBuildFile</string>
		</dict>
		<key>320DE3321B6D7FA2002236D7</key>
		<dict>
			<key>fileEncoding</key>
			<string>4</string>
			<key>isa</key>
			<string>PBXFileReference</string>
			<key>lastKnownFileType</key>
			<string>sourcecode.c.h</string>
			<key>path</key>
			<string>IKMapperProtocols.h</string>
			<key>sourceTree</key>
			<string>&lt;group&gt;</string>
		</dict>
		<key>320DE3E01B6EF2AA002236D7</key>
		<dict>
			<key>children</key>
			<array>
				<string>320DE3E11B6EF2AA002236D7</string>
				<string>320DE3E21B6EF2AA002236D7</string>
				<string>320DE3E31B6EF2AA002236D7</string>
				<string>320DE3E41B6EF2AA002236D7</string>
			</array>
			<key>isa</key>
			<string>PBXGroup</string>
			<key>path</key>
			<string>Vendor</string>
			<key>sourceTree</key>
			<string>&lt;group&gt;</string>
		</dict>
		<key>320DE3E11B6EF2AA002236D7</key>
		<dict>
			<key>fileEncoding</key>
			<string>4</string>
			<key>isa</key>
			<string>PBXFileReference</string>
			<key>lastKnownFileType</key>
			<string>sourcecode.c.h</string>
			<key>path</key>
			<string>NSString+InflectorKit.h</string>
			<key>sourceTree</key>
			<string>&lt;group&gt;</string>
		</dict>
		<key>320DE3E21B6EF2AA002236D7</key>
		<dict>
			<key>fileEncoding</key>
			<string>4</string>
			<key>isa</key>
			<string>PBXFileReference</string>
			<key>lastKnownFileType</key>
			<string>sourcecode.c.objc</string>
			<key>path</key>
			<string>NSString+InflectorKit.m</string>
			<key>sourceTree</key>
			<string>&lt;group&gt;</string>
		</dict>
		<key>320DE3E31B6EF2AA002236D7</key>
		<dict>
			<key>fileEncoding</key>
			<string>4</string>
			<key>isa</key>
			<string>PBXFileReference</string>
			<key>lastKnownFileType</key>
			<string>sourcecode.c.h</string>
			<key>path</key>
			<string>TTTStringInflector.h</string>
			<key>sourceTree</key>
			<string>&lt;group&gt;</string>
		</dict>
		<key>320DE3E41B6EF2AA002236D7</key>
		<dict>
			<key>fileEncoding</key>
			<string>4</string>
			<key>isa</key>
			<string>PBXFileReference</string>
			<key>lastKnownFileType</key>
			<string>sourcecode.c.objc</string>
			<key>path</key>
			<string>TTTStringInflector.m</string>
			<key>sourceTree</key>
			<string>&lt;group&gt;</string>
		</dict>
		<key>320DE3E51B6EF2AA002236D7</key>
		<dict>
			<key>fileRef</key>
			<string>320DE3E21B6EF2AA002236D7</string>
			<key>isa</key>
			<string>PBXBuildFile</string>
		</dict>
		<key>320DE3E61B6EF2AA002236D7</key>
		<dict>
			<key>fileRef</key>
			<string>320DE3E41B6EF2AA002236D7</string>
			<key>isa</key>
			<string>PBXBuildFile</string>
		</dict>
		<key>3278C0711B79266F00C6045C</key>
		<dict>
			<key>children</key>
			<array>
				<string>3278C0721B79266F00C6045C</string>
				<string>3278C0731B79266F00C6045C</string>
				<string>3278C0741B79266F00C6045C</string>
				<string>3278C0751B79267000C6045C</string>
				<string>3278C0761B79267000C6045C</string>
				<string>3278C0771B79267000C6045C</string>
			</array>
			<key>isa</key>
			<string>PBXGroup</string>
			<key>path</key>
			<string>NSObject</string>
			<key>sourceTree</key>
			<string>&lt;group&gt;</string>
		</dict>
		<key>3278C0721B79266F00C6045C</key>
		<dict>
			<key>fileEncoding</key>
			<string>4</string>
			<key>isa</key>
			<string>PBXFileReference</string>
			<key>lastKnownFileType</key>
			<string>sourcecode.c.h</string>
			<key>path</key>
			<string>NSObject+IKIntrospection.h</string>
			<key>sourceTree</key>
			<string>&lt;group&gt;</string>
		</dict>
		<key>3278C0731B79266F00C6045C</key>
		<dict>
			<key>fileEncoding</key>
			<string>4</string>
			<key>isa</key>
			<string>PBXFileReference</string>
			<key>lastKnownFileType</key>
			<string>sourcecode.c.objc</string>
			<key>path</key>
			<string>NSObject+IKIntrospection.m</string>
			<key>sourceTree</key>
			<string>&lt;group&gt;</string>
		</dict>
		<key>3278C0741B79266F00C6045C</key>
		<dict>
			<key>fileEncoding</key>
			<string>4</string>
			<key>isa</key>
			<string>PBXFileReference</string>
			<key>lastKnownFileType</key>
			<string>sourcecode.c.h</string>
			<key>path</key>
			<string>NSObject+IKMapperIn.h</string>
			<key>sourceTree</key>
			<string>&lt;group&gt;</string>
		</dict>
		<key>3278C0751B79267000C6045C</key>
		<dict>
			<key>fileEncoding</key>
			<string>4</string>
			<key>isa</key>
			<string>PBXFileReference</string>
			<key>lastKnownFileType</key>
			<string>sourcecode.c.objc</string>
			<key>path</key>
			<string>NSObject+IKMapperIn.m</string>
			<key>sourceTree</key>
			<string>&lt;group&gt;</string>
		</dict>
		<key>3278C0761B79267000C6045C</key>
		<dict>
			<key>fileEncoding</key>
			<string>4</string>
			<key>isa</key>
			<string>PBXFileReference</string>
			<key>lastKnownFileType</key>
			<string>sourcecode.c.h</string>
			<key>path</key>
			<string>NSObject+IKMapperOut.h</string>
			<key>sourceTree</key>
			<string>&lt;group&gt;</string>
		</dict>
		<key>3278C0771B79267000C6045C</key>
		<dict>
			<key>fileEncoding</key>
			<string>4</string>
			<key>isa</key>
			<string>PBXFileReference</string>
			<key>lastKnownFileType</key>
			<string>sourcecode.c.objc</string>
			<key>path</key>
			<string>NSObject+IKMapperOut.m</string>
			<key>sourceTree</key>
			<string>&lt;group&gt;</string>
		</dict>
		<key>3278C0781B79267000C6045C</key>
		<dict>
			<key>fileRef</key>
			<string>3278C0731B79266F00C6045C</string>
			<key>isa</key>
			<string>PBXBuildFile</string>
		</dict>
		<key>3278C0791B79267000C6045C</key>
		<dict>
			<key>fileRef</key>
			<string>3278C0751B79267000C6045C</string>
			<key>isa</key>
			<string>PBXBuildFile</string>
		</dict>
		<key>3278C07A1B79267000C6045C</key>
		<dict>
			<key>fileRef</key>
			<string>3278C0771B79267000C6045C</string>
			<key>isa</key>
			<string>PBXBuildFile</string>
		</dict>
		<key>3278C07B1B79268E00C6045C</key>
		<dict>
			<key>children</key>
			<array>
				<string>3278C0821B7934A500C6045C</string>
				<string>3278C0831B7934A500C6045C</string>
				<string>3278C07C1B7927A500C6045C</string>
				<string>3278C07D1B7927A500C6045C</string>
				<string>3278C0851B7944F600C6045C</string>
				<string>3278C0861B7944F600C6045C</string>
				<string>3278C0A31B798F3E00C6045C</string>
				<string>3278C0A41B798F3E00C6045C</string>
			</array>
			<key>isa</key>
			<string>PBXGroup</string>
			<key>path</key>
			<string>NSManagedObject</string>
			<key>sourceTree</key>
			<string>&lt;group&gt;</string>
		</dict>
		<key>3278C07C1B7927A500C6045C</key>
		<dict>
			<key>fileEncoding</key>
			<string>4</string>
			<key>isa</key>
			<string>PBXFileReference</string>
			<key>lastKnownFileType</key>
			<string>sourcecode.c.h</string>
			<key>path</key>
			<string>NSManagedObject+IKMapperIn.h</string>
			<key>sourceTree</key>
			<string>&lt;group&gt;</string>
		</dict>
		<key>3278C07D1B7927A500C6045C</key>
		<dict>
			<key>fileEncoding</key>
			<string>4</string>
			<key>isa</key>
			<string>PBXFileReference</string>
			<key>lastKnownFileType</key>
			<string>sourcecode.c.objc</string>
			<key>path</key>
			<string>NSManagedObject+IKMapperIn.m</string>
			<key>sourceTree</key>
			<string>&lt;group&gt;</string>
		</dict>
		<key>3278C07E1B7927A500C6045C</key>
		<dict>
			<key>fileRef</key>
			<string>3278C07D1B7927A500C6045C</string>
			<key>isa</key>
			<string>PBXBuildFile</string>
		</dict>
		<key>3278C0821B7934A500C6045C</key>
		<dict>
			<key>fileEncoding</key>
			<string>4</string>
			<key>isa</key>
			<string>PBXFileReference</string>
			<key>lastKnownFileType</key>
			<string>sourcecode.c.h</string>
			<key>path</key>
			<string>NSManagedObject+Introspection.h</string>
			<key>sourceTree</key>
			<string>&lt;group&gt;</string>
		</dict>
		<key>3278C0831B7934A500C6045C</key>
		<dict>
			<key>fileEncoding</key>
			<string>4</string>
			<key>isa</key>
			<string>PBXFileReference</string>
			<key>lastKnownFileType</key>
			<string>sourcecode.c.objc</string>
			<key>path</key>
			<string>NSManagedObject+Introspection.m</string>
			<key>sourceTree</key>
			<string>&lt;group&gt;</string>
		</dict>
		<key>3278C0841B7934A500C6045C</key>
		<dict>
			<key>fileRef</key>
			<string>3278C0831B7934A500C6045C</string>
			<key>isa</key>
			<string>PBXBuildFile</string>
		</dict>
		<key>3278C0851B7944F600C6045C</key>
		<dict>
			<key>fileEncoding</key>
			<string>4</string>
			<key>isa</key>
			<string>PBXFileReference</string>
			<key>lastKnownFileType</key>
			<string>sourcecode.c.h</string>
			<key>path</key>
			<string>NSManagedObject+IKMapperOut.h</string>
			<key>sourceTree</key>
			<string>&lt;group&gt;</string>
		</dict>
		<key>3278C0861B7944F600C6045C</key>
		<dict>
			<key>fileEncoding</key>
			<string>4</string>
			<key>isa</key>
			<string>PBXFileReference</string>
			<key>lastKnownFileType</key>
			<string>sourcecode.c.objc</string>
			<key>path</key>
			<string>NSManagedObject+IKMapperOut.m</string>
			<key>sourceTree</key>
			<string>&lt;group&gt;</string>
		</dict>
		<key>3278C0871B7944F600C6045C</key>
		<dict>
			<key>fileRef</key>
			<string>3278C0861B7944F600C6045C</string>
			<key>isa</key>
			<string>PBXBuildFile</string>
		</dict>
		<key>3278C0881B794ED700C6045C</key>
		<dict>
			<key>children</key>
			<array>
				<string>3278C0891B794ED700C6045C</string>
				<string>3278C08A1B794ED700C6045C</string>
				<string>3278C08B1B794ED700C6045C</string>
				<string>3278C08C1B794ED700C6045C</string>
			</array>
			<key>isa</key>
			<string>PBXGroup</string>
			<key>path</key>
			<string>Shared</string>
			<key>sourceTree</key>
			<string>&lt;group&gt;</string>
		</dict>
		<key>3278C0891B794ED700C6045C</key>
		<dict>
			<key>fileEncoding</key>
			<string>4</string>
			<key>isa</key>
			<string>PBXFileReference</string>
			<key>lastKnownFileType</key>
			<string>sourcecode.c.h</string>
			<key>path</key>
			<string>IKMapper+Helpers.h</string>
			<key>sourceTree</key>
			<string>&lt;group&gt;</string>
		</dict>
		<key>3278C08A1B794ED700C6045C</key>
		<dict>
			<key>fileEncoding</key>
			<string>4</string>
			<key>isa</key>
			<string>PBXFileReference</string>
			<key>lastKnownFileType</key>
			<string>sourcecode.c.objc</string>
			<key>path</key>
			<string>IKMapper+Helpers.m</string>
			<key>sourceTree</key>
			<string>&lt;group&gt;</string>
		</dict>
		<key>3278C08B1B794ED700C6045C</key>
		<dict>
			<key>fileEncoding</key>
			<string>4</string>
			<key>isa</key>
			<string>PBXFileReference</string>
			<key>lastKnownFileType</key>
			<string>sourcecode.c.h</string>
			<key>path</key>
			<string>IKMapper+Shared.h</string>
			<key>sourceTree</key>
			<string>&lt;group&gt;</string>
		</dict>
		<key>3278C08C1B794ED700C6045C</key>
		<dict>
			<key>fileEncoding</key>
			<string>4</string>
			<key>isa</key>
			<string>PBXFileReference</string>
			<key>lastKnownFileType</key>
			<string>sourcecode.c.objc</string>
			<key>path</key>
			<string>IKMapper+Shared.m</string>
			<key>sourceTree</key>
			<string>&lt;group&gt;</string>
		</dict>
		<key>3278C08D1B794ED700C6045C</key>
		<dict>
			<key>fileRef</key>
			<string>3278C08A1B794ED700C6045C</string>
			<key>isa</key>
			<string>PBXBuildFile</string>
		</dict>
		<key>3278C08E1B794ED700C6045C</key>
		<dict>
			<key>fileRef</key>
			<string>3278C08C1B794ED700C6045C</string>
			<key>isa</key>
			<string>PBXBuildFile</string>
		</dict>
		<key>3278C08F1B794FD900C6045C</key>
		<dict>
			<key>fileEncoding</key>
			<string>4</string>
			<key>isa</key>
			<string>PBXFileReference</string>
			<key>lastKnownFileType</key>
			<string>sourcecode.c.h</string>
			<key>path</key>
			<string>NSObject+IKMapper.h</string>
			<key>sourceTree</key>
			<string>&lt;group&gt;</string>
		</dict>
		<key>3278C0901B794FFD00C6045C</key>
		<dict>
			<key>fileEncoding</key>
			<string>4</string>
			<key>isa</key>
			<string>PBXFileReference</string>
			<key>lastKnownFileType</key>
			<string>sourcecode.c.h</string>
			<key>path</key>
			<string>NSManagedObject+IKMapper.h</string>
			<key>sourceTree</key>
			<string>&lt;group&gt;</string>
		</dict>
		<key>3278C0971B79615900C6045C</key>
		<dict>
			<key>fileEncoding</key>
			<string>4</string>
			<key>isa</key>
			<string>PBXFileReference</string>
			<key>lastKnownFileType</key>
			<string>sourcecode.c.h</string>
			<key>path</key>
			<string>TestObjects.h</string>
			<key>sourceTree</key>
			<string>&lt;group&gt;</string>
		</dict>
		<key>3278C0981B79615900C6045C</key>
		<dict>
			<key>fileEncoding</key>
			<string>4</string>
			<key>isa</key>
			<string>PBXFileReference</string>
			<key>lastKnownFileType</key>
			<string>sourcecode.c.objc</string>
			<key>path</key>
			<string>TestObjects.m</string>
			<key>sourceTree</key>
			<string>&lt;group&gt;</string>
		</dict>
		<key>3278C0991B79615900C6045C</key>
		<dict>
			<key>fileRef</key>
			<string>3278C0981B79615900C6045C</string>
			<key>isa</key>
			<string>PBXBuildFile</string>
		</dict>
		<key>3278C09A1B79620800C6045C</key>
		<dict>
			<key>fileEncoding</key>
			<string>4</string>
			<key>isa</key>
			<string>PBXFileReference</string>
			<key>lastKnownFileType</key>
			<string>sourcecode.c.objc</string>
			<key>path</key>
			<string>IKMapperTests+NSObjectOut.m</string>
			<key>sourceTree</key>
			<string>&lt;group&gt;</string>
		</dict>
		<key>3278C09B1B79620800C6045C</key>
		<dict>
			<key>fileRef</key>
			<string>3278C09A1B79620800C6045C</string>
			<key>isa</key>
			<string>PBXBuildFile</string>
		</dict>
		<key>3278C09C1B796FB800C6045C</key>
		<dict>
			<key>fileEncoding</key>
			<string>4</string>
			<key>isa</key>
			<string>PBXFileReference</string>
			<key>lastKnownFileType</key>
			<string>sourcecode.c.objc</string>
			<key>path</key>
			<string>IKMapperTests+NSObjectInProtocol.m</string>
			<key>sourceTree</key>
			<string>&lt;group&gt;</string>
		</dict>
		<key>3278C09D1B796FB800C6045C</key>
		<dict>
			<key>fileRef</key>
			<string>3278C09C1B796FB800C6045C</string>
			<key>isa</key>
			<string>PBXBuildFile</string>
		</dict>
		<key>3278C09E1B79705700C6045C</key>
		<dict>
			<key>fileEncoding</key>
			<string>4</string>
			<key>isa</key>
			<string>PBXFileReference</string>
			<key>lastKnownFileType</key>
			<string>sourcecode.c.objc</string>
			<key>path</key>
			<string>IKMapperTests+NSObjectBase.m</string>
			<key>sourceTree</key>
			<string>&lt;group&gt;</string>
		</dict>
		<key>3278C09F1B79705700C6045C</key>
		<dict>
			<key>fileRef</key>
			<string>3278C09E1B79705700C6045C</string>
			<key>isa</key>
			<string>PBXBuildFile</string>
		</dict>
		<key>3278C0A01B7972B800C6045C</key>
		<dict>
			<key>fileEncoding</key>
			<string>4</string>
			<key>isa</key>
			<string>PBXFileReference</string>
			<key>lastKnownFileType</key>
			<string>sourcecode.c.h</string>
			<key>path</key>
			<string>IKMapperTests+NSObjectBase.h</string>
			<key>sourceTree</key>
			<string>&lt;group&gt;</string>
		</dict>
		<key>3278C0A11B7976E000C6045C</key>
		<dict>
			<key>fileEncoding</key>
			<string>4</string>
			<key>isa</key>
			<string>PBXFileReference</string>
			<key>lastKnownFileType</key>
			<string>sourcecode.c.objc</string>
			<key>path</key>
			<string>IKMapperTests+NSObjectOutProtocol.m</string>
			<key>sourceTree</key>
			<string>&lt;group&gt;</string>
		</dict>
		<key>3278C0A21B7976E000C6045C</key>
		<dict>
			<key>fileRef</key>
			<string>3278C0A11B7976E000C6045C</string>
			<key>isa</key>
			<string>PBXBuildFile</string>
		</dict>
		<key>3278C0A31B798F3E00C6045C</key>
		<dict>
			<key>fileEncoding</key>
			<string>4</string>
			<key>isa</key>
			<string>PBXFileReference</string>
			<key>lastKnownFileType</key>
			<string>sourcecode.c.h</string>
			<key>path</key>
			<string>NSManagedObject+IKMapperImport.h</string>
			<key>sourceTree</key>
			<string>&lt;group&gt;</string>
		</dict>
		<key>3278C0A41B798F3E00C6045C</key>
		<dict>
			<key>fileEncoding</key>
			<string>4</string>
			<key>isa</key>
			<string>PBXFileReference</string>
			<key>lastKnownFileType</key>
			<string>sourcecode.c.objc</string>
			<key>path</key>
			<string>NSManagedObject+IKMapperImport.m</string>
			<key>sourceTree</key>
			<string>&lt;group&gt;</string>
		</dict>
		<key>3278C0A51B798F3E00C6045C</key>
		<dict>
			<key>fileRef</key>
			<string>3278C0A41B798F3E00C6045C</string>
			<key>isa</key>
			<string>PBXBuildFile</string>
		</dict>
		<key>34F6C75993488A1281FFEDF1</key>
		<dict>
			<key>children</key>
			<array>
				<string>BCED3B81204FFD8D9581652D</string>
				<string>AB3EBFDC66EE17B32AED295F</string>
			</array>
			<key>isa</key>
			<string>PBXGroup</string>
			<key>name</key>
			<string>Pods</string>
			<key>sourceTree</key>
			<string>&lt;group&gt;</string>
		</dict>
		<key>368C350F6A3C159EA7BA630E</key>
		<dict>
			<key>buildActionMask</key>
			<string>2147483647</string>
			<key>files</key>
			<array/>
			<key>inputPaths</key>
			<array/>
			<key>isa</key>
			<string>PBXShellScriptBuildPhase</string>
			<key>name</key>
			<string>Embed Pods Frameworks</string>
			<key>outputPaths</key>
			<array/>
			<key>runOnlyForDeploymentPostprocessing</key>
			<string>0</string>
			<key>shellPath</key>
			<string>/bin/sh</string>
			<key>shellScript</key>
			<string>"${SRCROOT}/Pods/Target Support Files/Pods-IKMapper/Pods-IKMapper-frameworks.sh"
</string>
			<key>showEnvVarsInLog</key>
			<string>0</string>
		</dict>
		<key>6523BD7EFE92E769438F7872</key>
		<dict>
			<key>explicitFileType</key>
			<string>archive.ar</string>
			<key>includeInIndex</key>
			<string>0</string>
			<key>isa</key>
			<string>PBXFileReference</string>
			<key>path</key>
			<string>libPods-IKMapper.a</string>
			<key>sourceTree</key>
			<string>BUILT_PRODUCTS_DIR</string>
		</dict>
		<key>7B42251B880C73F5103B8923</key>
		<dict>
			<key>fileRef</key>
			<string>6523BD7EFE92E769438F7872</string>
			<key>isa</key>
			<string>PBXBuildFile</string>
		</dict>
		<key>9FA8D4B34D361AC145018D0E</key>
		<dict>
			<key>children</key>
			<array>
				<string>6523BD7EFE92E769438F7872</string>
			</array>
			<key>isa</key>
			<string>PBXGroup</string>
			<key>name</key>
			<string>Frameworks</string>
			<key>sourceTree</key>
			<string>&lt;group&gt;</string>
		</dict>
		<key>A5170F4D902387AF6E9C0F6B</key>
		<dict>
			<key>buildActionMask</key>
			<string>2147483647</string>
			<key>files</key>
			<array/>
			<key>inputPaths</key>
			<array/>
			<key>isa</key>
			<string>PBXShellScriptBuildPhase</string>
			<key>name</key>
			<string>Copy Pods Resources</string>
			<key>outputPaths</key>
			<array/>
			<key>runOnlyForDeploymentPostprocessing</key>
			<string>0</string>
			<key>shellPath</key>
			<string>/bin/sh</string>
			<key>shellScript</key>
			<string>"${SRCROOT}/Pods/Target Support Files/Pods-IKMapper/Pods-IKMapper-resources.sh"
</string>
			<key>showEnvVarsInLog</key>
			<string>0</string>
		</dict>
		<key>AB3EBFDC66EE17B32AED295F</key>
		<dict>
			<key>includeInIndex</key>
			<string>1</string>
			<key>isa</key>
			<string>PBXFileReference</string>
			<key>lastKnownFileType</key>
			<string>text.xcconfig</string>
			<key>name</key>
			<string>Pods-IKMapper.release.xcconfig</string>
			<key>path</key>
			<string>Pods/Target Support Files/Pods-IKMapper/Pods-IKMapper.release.xcconfig</string>
			<key>sourceTree</key>
			<string>&lt;group&gt;</string>
		</dict>
		<key>BCED3B81204FFD8D9581652D</key>
		<dict>
			<key>includeInIndex</key>
			<string>1</string>
			<key>isa</key>
			<string>PBXFileReference</string>
			<key>lastKnownFileType</key>
			<string>text.xcconfig</string>
			<key>name</key>
			<string>Pods-IKMapper.debug.xcconfig</string>
			<key>path</key>
			<string>Pods/Target Support Files/Pods-IKMapper/Pods-IKMapper.debug.xcconfig</string>
			<key>sourceTree</key>
			<string>&lt;group&gt;</string>
		</dict>
	</dict>
	<key>rootObject</key>
	<string>320DE2E71B6D35D0002236D7</string>
</dict>
</plist>
